
Microsoft Visual Studio Solution File, Format Version 11.00
# Visual Studio 2010
Project("{FAE04EC0-301F-11D3-BF4B-00C04F79EFBC}") = "MicrORM", "MicrORM\MicrORM.csproj", "{F8B877FE-DA09-45D6-883A-75D613DCDD6D}"
EndProject
Project("{FAE04EC0-301F-11D3-BF4B-00C04F79EFBC}") = "MicrORM.Test", "MicrORM.Test\MicrORM.Test.csproj", "{9F81DACA-49B6-4E69-A939-E5E60374D4E7}"
EndProject
Global
	GlobalSection(SolutionConfigurationPlatforms) = preSolution
		Debug|Any CPU = Debug|Any CPU
		Release|Any CPU = Release|Any CPU
	EndGlobalSection
	GlobalSection(ProjectConfigurationPlatforms) = postSolution
		{F8B877FE-DA09-45D6-883A-75D613DCDD6D}.Debug|Any CPU.ActiveCfg = Debug|Any CPU
		{F8B877FE-DA09-45D6-883A-75D613DCDD6D}.Debug|Any CPU.Build.0 = Debug|Any CPU
		{F8B877FE-DA09-45D6-883A-75D613DCDD6D}.Release|Any CPU.ActiveCfg = Release|Any CPU
		{F8B877FE-DA09-45D6-883A-75D613DCDD6D}.Release|Any CPU.Build.0 = Release|Any CPU
		{9F81DACA-49B6-4E69-A939-E5E60374D4E7}.Debug|Any CPU.ActiveCfg = Debug|Any CPU
		{9F81DACA-49B6-4E69-A939-E5E60374D4E7}.Debug|Any CPU.Build.0 = Debug|Any CPU
		{9F81DACA-49B6-4E69-A939-E5E60374D4E7}.Release|Any CPU.ActiveCfg = Release|Any CPU
		{9F81DACA-49B6-4E69-A939-E5E60374D4E7}.Release|Any CPU.Build.0 = Release|Any CPU
	EndGlobalSection
	GlobalSection(SolutionProperties) = preSolution
		HideSolutionNode = FALSE
	EndGlobalSection
EndGlobal
