
Microsoft Visual Studio Solution File, Format Version 12.00
# Visual Studio 15
VisualStudioVersion = 15.0.27004.2005
MinimumVisualStudioVersion = 10.0.40219.1
Project("{2150E333-8FDC-42A3-9474-1A3956D46DE8}") = "Solution Items", "Solution Items", "{BD7535FE-E350-4C3F-BFC7-7CFDE2177E2E}"
	ProjectSection(SolutionItems) = preProject
		build.py = build.py
		nuspec\MicrOrm.nuspec = nuspec\MicrOrm.nuspec
		SharedAssemblyInfo.cs = SharedAssemblyInfo.cs
	EndProjectSection
EndProject
Project("{FAE04EC0-301F-11D3-BF4B-00C04F79EFBC}") = "MicrOrm45", "MicrOrm45\MicrOrm45.csproj", "{F8B877FE-DA09-45D6-883A-75D613DCDD6D}"
EndProject
Project("{FAE04EC0-301F-11D3-BF4B-00C04F79EFBC}") = "MicrOrm45.Test", "MicrOrm45.Test\MicrOrm45.Test.csproj", "{9F81DACA-49B6-4E69-A939-E5E60374D4E7}"
EndProject
Project("{FAE04EC0-301F-11D3-BF4B-00C04F79EFBC}") = "MicrOrm.PostgreSql45.Test", "MicrOrm.PostgreSql45.Test\MicrOrm.PostgreSql45.Test.csproj", "{C618E31B-B1DB-428F-8A76-DB2D0142C0D6}"
EndProject
Project("{FAE04EC0-301F-11D3-BF4B-00C04F79EFBC}") = "MicrOrm451", "MicrOrm451\MicrOrm451.csproj", "{46250690-C232-4860-8C80-E9731115B8B3}"
EndProject
Project("{FAE04EC0-301F-11D3-BF4B-00C04F79EFBC}") = "MicrOrm452", "MicrOrm452\MicrOrm452.csproj", "{917667A2-3F73-4BD5-9DCA-DF573E39A245}"
EndProject
Project("{FAE04EC0-301F-11D3-BF4B-00C04F79EFBC}") = "MicrOrm46", "MicrOrm46\MicrOrm46.csproj", "{D66D5A9E-B541-408B-B193-D3F53D50CDFC}"
EndProject
Project("{FAE04EC0-301F-11D3-BF4B-00C04F79EFBC}") = "MicrOrm461", "MicrOrm461\MicrOrm461.csproj", "{3631654A-D971-4A0E-A28D-45F47AAB1106}"
EndProject
Global
	GlobalSection(SolutionConfigurationPlatforms) = preSolution
		Debug|Any CPU = Debug|Any CPU
		Debug|x86 = Debug|x86
		Release|Any CPU = Release|Any CPU
		Release|x86 = Release|x86
	EndGlobalSection
	GlobalSection(ProjectConfigurationPlatforms) = postSolution
		{F8B877FE-DA09-45D6-883A-75D613DCDD6D}.Debug|Any CPU.ActiveCfg = Debug|Any CPU
		{F8B877FE-DA09-45D6-883A-75D613DCDD6D}.Debug|Any CPU.Build.0 = Debug|Any CPU
		{F8B877FE-DA09-45D6-883A-75D613DCDD6D}.Debug|x86.ActiveCfg = Debug|x86
		{F8B877FE-DA09-45D6-883A-75D613DCDD6D}.Debug|x86.Build.0 = Debug|x86
		{F8B877FE-DA09-45D6-883A-75D613DCDD6D}.Release|Any CPU.ActiveCfg = Release|Any CPU
		{F8B877FE-DA09-45D6-883A-75D613DCDD6D}.Release|Any CPU.Build.0 = Release|Any CPU
		{F8B877FE-DA09-45D6-883A-75D613DCDD6D}.Release|x86.ActiveCfg = Release|x86
		{F8B877FE-DA09-45D6-883A-75D613DCDD6D}.Release|x86.Build.0 = Release|x86
		{9F81DACA-49B6-4E69-A939-E5E60374D4E7}.Debug|Any CPU.ActiveCfg = Debug|Any CPU
		{9F81DACA-49B6-4E69-A939-E5E60374D4E7}.Debug|Any CPU.Build.0 = Debug|Any CPU
		{9F81DACA-49B6-4E69-A939-E5E60374D4E7}.Debug|x86.ActiveCfg = Debug|x86
		{9F81DACA-49B6-4E69-A939-E5E60374D4E7}.Debug|x86.Build.0 = Debug|x86
		{9F81DACA-49B6-4E69-A939-E5E60374D4E7}.Release|Any CPU.ActiveCfg = Release|Any CPU
		{9F81DACA-49B6-4E69-A939-E5E60374D4E7}.Release|Any CPU.Build.0 = Release|Any CPU
		{9F81DACA-49B6-4E69-A939-E5E60374D4E7}.Release|x86.ActiveCfg = Release|x86
		{9F81DACA-49B6-4E69-A939-E5E60374D4E7}.Release|x86.Build.0 = Release|x86
		{C618E31B-B1DB-428F-8A76-DB2D0142C0D6}.Debug|Any CPU.ActiveCfg = Debug|Any CPU
		{C618E31B-B1DB-428F-8A76-DB2D0142C0D6}.Debug|Any CPU.Build.0 = Debug|Any CPU
		{C618E31B-B1DB-428F-8A76-DB2D0142C0D6}.Debug|x86.ActiveCfg = Debug|Any CPU
		{C618E31B-B1DB-428F-8A76-DB2D0142C0D6}.Debug|x86.Build.0 = Debug|Any CPU
		{C618E31B-B1DB-428F-8A76-DB2D0142C0D6}.Release|Any CPU.ActiveCfg = Release|Any CPU
		{C618E31B-B1DB-428F-8A76-DB2D0142C0D6}.Release|Any CPU.Build.0 = Release|Any CPU
		{C618E31B-B1DB-428F-8A76-DB2D0142C0D6}.Release|x86.ActiveCfg = Release|Any CPU
		{C618E31B-B1DB-428F-8A76-DB2D0142C0D6}.Release|x86.Build.0 = Release|Any CPU
		{46250690-C232-4860-8C80-E9731115B8B3}.Debug|Any CPU.ActiveCfg = Debug|Any CPU
		{46250690-C232-4860-8C80-E9731115B8B3}.Debug|Any CPU.Build.0 = Debug|Any CPU
		{46250690-C232-4860-8C80-E9731115B8B3}.Debug|x86.ActiveCfg = Debug|x86
		{46250690-C232-4860-8C80-E9731115B8B3}.Debug|x86.Build.0 = Debug|x86
		{46250690-C232-4860-8C80-E9731115B8B3}.Release|Any CPU.ActiveCfg = Release|Any CPU
		{46250690-C232-4860-8C80-E9731115B8B3}.Release|Any CPU.Build.0 = Release|Any CPU
		{46250690-C232-4860-8C80-E9731115B8B3}.Release|x86.ActiveCfg = Release|x86
		{46250690-C232-4860-8C80-E9731115B8B3}.Release|x86.Build.0 = Release|x86
		{917667A2-3F73-4BD5-9DCA-DF573E39A245}.Debug|Any CPU.ActiveCfg = Debug|Any CPU
		{917667A2-3F73-4BD5-9DCA-DF573E39A245}.Debug|Any CPU.Build.0 = Debug|Any CPU
		{917667A2-3F73-4BD5-9DCA-DF573E39A245}.Debug|x86.ActiveCfg = Debug|x86
		{917667A2-3F73-4BD5-9DCA-DF573E39A245}.Debug|x86.Build.0 = Debug|x86
		{917667A2-3F73-4BD5-9DCA-DF573E39A245}.Release|Any CPU.ActiveCfg = Release|Any CPU
		{917667A2-3F73-4BD5-9DCA-DF573E39A245}.Release|Any CPU.Build.0 = Release|Any CPU
		{917667A2-3F73-4BD5-9DCA-DF573E39A245}.Release|x86.ActiveCfg = Release|x86
		{917667A2-3F73-4BD5-9DCA-DF573E39A245}.Release|x86.Build.0 = Release|x86
		{D66D5A9E-B541-408B-B193-D3F53D50CDFC}.Debug|Any CPU.ActiveCfg = Debug|Any CPU
		{D66D5A9E-B541-408B-B193-D3F53D50CDFC}.Debug|Any CPU.Build.0 = Debug|Any CPU
		{D66D5A9E-B541-408B-B193-D3F53D50CDFC}.Debug|x86.ActiveCfg = Debug|x86
		{D66D5A9E-B541-408B-B193-D3F53D50CDFC}.Debug|x86.Build.0 = Debug|x86
		{D66D5A9E-B541-408B-B193-D3F53D50CDFC}.Release|Any CPU.ActiveCfg = Release|Any CPU
		{D66D5A9E-B541-408B-B193-D3F53D50CDFC}.Release|Any CPU.Build.0 = Release|Any CPU
		{D66D5A9E-B541-408B-B193-D3F53D50CDFC}.Release|x86.ActiveCfg = Release|x86
		{D66D5A9E-B541-408B-B193-D3F53D50CDFC}.Release|x86.Build.0 = Release|x86
		{3631654A-D971-4A0E-A28D-45F47AAB1106}.Debug|Any CPU.ActiveCfg = Debug|Any CPU
		{3631654A-D971-4A0E-A28D-45F47AAB1106}.Debug|Any CPU.Build.0 = Debug|Any CPU
		{3631654A-D971-4A0E-A28D-45F47AAB1106}.Debug|x86.ActiveCfg = Debug|x86
		{3631654A-D971-4A0E-A28D-45F47AAB1106}.Debug|x86.Build.0 = Debug|x86
		{3631654A-D971-4A0E-A28D-45F47AAB1106}.Release|Any CPU.ActiveCfg = Release|Any CPU
		{3631654A-D971-4A0E-A28D-45F47AAB1106}.Release|Any CPU.Build.0 = Release|Any CPU
		{3631654A-D971-4A0E-A28D-45F47AAB1106}.Release|x86.ActiveCfg = Release|x86
		{3631654A-D971-4A0E-A28D-45F47AAB1106}.Release|x86.Build.0 = Release|x86
	EndGlobalSection
	GlobalSection(SolutionProperties) = preSolution
		HideSolutionNode = FALSE
	EndGlobalSection
	GlobalSection(ExtensibilityGlobals) = postSolution
		SolutionGuid = {1671E923-148C-4502-B978-2BD7923110EE}
	EndGlobalSection
EndGlobal
